
Microsoft Visual Studio Solution File, Format Version 12.00
# Visual Studio Version 17
VisualStudioVersion = 17.2.32630.192
MinimumVisualStudioVersion = 10.0.40219.1
Project("{9A19103F-16F7-4668-BE54-9A1E7A4F7556}") = "DSA", "DSA\DSA.csproj", "{DEE3FBFB-167B-483C-BA15-B4740F647C99}"
EndProject
Project("{FAE04EC0-301F-11D3-BF4B-00C04F79EFBC}") = "Helper", "Helper\Helper.csproj", "{24F51E02-3CE1-4F59-86D3-FC159227E145}"
EndProject
Global
	GlobalSection(SolutionConfigurationPlatforms) = preSolution
		Debug|Any CPU = Debug|Any CPU
		Release|Any CPU = Release|Any CPU
	EndGlobalSection
	GlobalSection(ProjectConfigurationPlatforms) = postSolution
		{DEE3FBFB-167B-483C-BA15-B4740F647C99}.Debug|Any CPU.ActiveCfg = Debug|Any CPU
		{DEE3FBFB-167B-483C-BA15-B4740F647C99}.Debug|Any CPU.Build.0 = Debug|Any CPU
		{DEE3FBFB-167B-483C-BA15-B4740F647C99}.Release|Any CPU.ActiveCfg = Release|Any CPU
		{DEE3FBFB-167B-483C-BA15-B4740F647C99}.Release|Any CPU.Build.0 = Release|Any CPU
		{24F51E02-3CE1-4F59-86D3-FC159227E145}.Debug|Any CPU.ActiveCfg = Debug|Any CPU
		{24F51E02-3CE1-4F59-86D3-FC159227E145}.Debug|Any CPU.Build.0 = Debug|Any CPU
		{24F51E02-3CE1-4F59-86D3-FC159227E145}.Release|Any CPU.ActiveCfg = Release|Any CPU
		{24F51E02-3CE1-4F59-86D3-FC159227E145}.Release|Any CPU.Build.0 = Release|Any CPU
	EndGlobalSection
	GlobalSection(SolutionProperties) = preSolution
		HideSolutionNode = FALSE
	EndGlobalSection
	GlobalSection(ExtensibilityGlobals) = postSolution
		SolutionGuid = {AF41E780-3A64-4241-9CCA-AD7BF603B44C}
	EndGlobalSection
EndGlobal
